// !$*UTF8*$!
{
	archiveVersion = 1;
	classes = {
	};
	objectVersion = 56;
	objects = {

/* Begin PBXBuildFile section */
		5B9CC8C92C25E222004E7A72 /* ScottishPowerTechnicalTestApp.swift in Sources */ = {isa = PBXBuildFile; fileRef = 5B9CC8C82C25E222004E7A72 /* ScottishPowerTechnicalTestApp.swift */; };
		5B9CC8CD2C25E223004E7A72 /* Assets.xcassets in Resources */ = {isa = PBXBuildFile; fileRef = 5B9CC8CC2C25E223004E7A72 /* Assets.xcassets */; };
		5B9CC8D02C25E223004E7A72 /* Preview Assets.xcassets in Resources */ = {isa = PBXBuildFile; fileRef = 5B9CC8CF2C25E223004E7A72 /* Preview Assets.xcassets */; };
		5B9CC8DA2C25E224004E7A72 /* ScottishPowerTechnicalTestTests.swift in Sources */ = {isa = PBXBuildFile; fileRef = 5B9CC8D92C25E224004E7A72 /* ScottishPowerTechnicalTestTests.swift */; };
		5B9CC8E42C25E224004E7A72 /* ScottishPowerTechnicalTestUITests.swift in Sources */ = {isa = PBXBuildFile; fileRef = 5B9CC8E32C25E224004E7A72 /* ScottishPowerTechnicalTestUITests.swift */; };
		5B9CC8E62C25E224004E7A72 /* ScottishPowerTechnicalTestUITestsLaunchTests.swift in Sources */ = {isa = PBXBuildFile; fileRef = 5B9CC8E52C25E224004E7A72 /* ScottishPowerTechnicalTestUITestsLaunchTests.swift */; };
		5B9CC8F72C25E2F1004E7A72 /* RockTracksListViewModel.swift in Sources */ = {isa = PBXBuildFile; fileRef = 5B9CC8F62C25E2F1004E7A72 /* RockTracksListViewModel.swift */; };
		5B9CC8F92C25E302004E7A72 /* RockTracksListView.swift in Sources */ = {isa = PBXBuildFile; fileRef = 5B9CC8F82C25E302004E7A72 /* RockTracksListView.swift */; };
		5B9CC8FC2C25E3C8004E7A72 /* TracksResponse.swift in Sources */ = {isa = PBXBuildFile; fileRef = 5B9CC8FB2C25E3C8004E7A72 /* TracksResponse.swift */; };
		5B9CC90B2C25EC06004E7A72 /* ErrorView.swift in Sources */ = {isa = PBXBuildFile; fileRef = 5B9CC9082C25EC06004E7A72 /* ErrorView.swift */; };
		5B9CC90C2C25EC06004E7A72 /* LoadingView.swift in Sources */ = {isa = PBXBuildFile; fileRef = 5B9CC9092C25EC06004E7A72 /* LoadingView.swift */; };
		5B9CC90D2C25EC06004E7A72 /* TrackView.swift in Sources */ = {isa = PBXBuildFile; fileRef = 5B9CC90A2C25EC06004E7A72 /* TrackView.swift */; };
		5B9CC9102C25ED6B004E7A72 /* MusicApiClient.swift in Sources */ = {isa = PBXBuildFile; fileRef = 5B9CC90F2C25ED6B004E7A72 /* MusicApiClient.swift */; };
		5B9CC9172C25EE4C004E7A72 /* CurrencyAmount.swift in Sources */ = {isa = PBXBuildFile; fileRef = 5B9CC9162C25EE4C004E7A72 /* CurrencyAmount.swift */; };
		5B9CC91B2C25F91F004E7A72 /* Track+Extensions.swift in Sources */ = {isa = PBXBuildFile; fileRef = 5B9CC9192C25F91F004E7A72 /* Track+Extensions.swift */; };
		5B9CC91D2C25F932004E7A72 /* RockTracksViewModelTests.swift in Sources */ = {isa = PBXBuildFile; fileRef = 5B9CC91C2C25F932004E7A72 /* RockTracksViewModelTests.swift */; };
		5B9CC9222C25F996004E7A72 /* MockMusicClient.swift in Sources */ = {isa = PBXBuildFile; fileRef = 5B9CC9212C25F996004E7A72 /* MockMusicClient.swift */; };
		5B9CC9252C2606EA004E7A72 /* NavigationLink+Extensions.swift in Sources */ = {isa = PBXBuildFile; fileRef = 5B9CC9242C2606EA004E7A72 /* NavigationLink+Extensions.swift */; };
		5B9CC9272C26071A004E7A72 /* RockTrackDetailsView.swift in Sources */ = {isa = PBXBuildFile; fileRef = 5B9CC9262C26071A004E7A72 /* RockTrackDetailsView.swift */; };
		5B9CC9292C260751004E7A72 /* RockTrackDetailsViewModel.swift in Sources */ = {isa = PBXBuildFile; fileRef = 5B9CC9282C260751004E7A72 /* RockTrackDetailsViewModel.swift */; };
/* End PBXBuildFile section */

/* Begin PBXContainerItemProxy section */
		5B9CC8D62C25E224004E7A72 /* PBXContainerItemProxy */ = {
			isa = PBXContainerItemProxy;
			containerPortal = 5B9CC8BD2C25E222004E7A72 /* Project object */;
			proxyType = 1;
			remoteGlobalIDString = 5B9CC8C42C25E222004E7A72;
			remoteInfo = ScottishPowerTechnicalTest;
		};
		5B9CC8E02C25E224004E7A72 /* PBXContainerItemProxy */ = {
			isa = PBXContainerItemProxy;
			containerPortal = 5B9CC8BD2C25E222004E7A72 /* Project object */;
			proxyType = 1;
			remoteGlobalIDString = 5B9CC8C42C25E222004E7A72;
			remoteInfo = ScottishPowerTechnicalTest;
		};
/* End PBXContainerItemProxy section */

/* Begin PBXFileReference section */
		5B9CC8C52C25E222004E7A72 /* ScottishPowerTechnicalTest.app */ = {isa = PBXFileReference; explicitFileType = wrapper.application; includeInIndex = 0; path = ScottishPowerTechnicalTest.app; sourceTree = BUILT_PRODUCTS_DIR; };
		5B9CC8C82C25E222004E7A72 /* ScottishPowerTechnicalTestApp.swift */ = {isa = PBXFileReference; lastKnownFileType = sourcecode.swift; path = ScottishPowerTechnicalTestApp.swift; sourceTree = "<group>"; };
		5B9CC8CC2C25E223004E7A72 /* Assets.xcassets */ = {isa = PBXFileReference; lastKnownFileType = folder.assetcatalog; path = Assets.xcassets; sourceTree = "<group>"; };
		5B9CC8CF2C25E223004E7A72 /* Preview Assets.xcassets */ = {isa = PBXFileReference; lastKnownFileType = folder.assetcatalog; path = "Preview Assets.xcassets"; sourceTree = "<group>"; };
		5B9CC8D52C25E224004E7A72 /* ScottishPowerTechnicalTestTests.xctest */ = {isa = PBXFileReference; explicitFileType = wrapper.cfbundle; includeInIndex = 0; path = ScottishPowerTechnicalTestTests.xctest; sourceTree = BUILT_PRODUCTS_DIR; };
		5B9CC8D92C25E224004E7A72 /* ScottishPowerTechnicalTestTests.swift */ = {isa = PBXFileReference; lastKnownFileType = sourcecode.swift; path = ScottishPowerTechnicalTestTests.swift; sourceTree = "<group>"; };
		5B9CC8DF2C25E224004E7A72 /* ScottishPowerTechnicalTestUITests.xctest */ = {isa = PBXFileReference; explicitFileType = wrapper.cfbundle; includeInIndex = 0; path = ScottishPowerTechnicalTestUITests.xctest; sourceTree = BUILT_PRODUCTS_DIR; };
		5B9CC8E32C25E224004E7A72 /* ScottishPowerTechnicalTestUITests.swift */ = {isa = PBXFileReference; lastKnownFileType = sourcecode.swift; path = ScottishPowerTechnicalTestUITests.swift; sourceTree = "<group>"; };
		5B9CC8E52C25E224004E7A72 /* ScottishPowerTechnicalTestUITestsLaunchTests.swift */ = {isa = PBXFileReference; lastKnownFileType = sourcecode.swift; path = ScottishPowerTechnicalTestUITestsLaunchTests.swift; sourceTree = "<group>"; };
		5B9CC8F62C25E2F1004E7A72 /* RockTracksListViewModel.swift */ = {isa = PBXFileReference; lastKnownFileType = sourcecode.swift; path = RockTracksListViewModel.swift; sourceTree = "<group>"; };
		5B9CC8F82C25E302004E7A72 /* RockTracksListView.swift */ = {isa = PBXFileReference; lastKnownFileType = sourcecode.swift; path = RockTracksListView.swift; sourceTree = "<group>"; };
		5B9CC8FB2C25E3C8004E7A72 /* TracksResponse.swift */ = {isa = PBXFileReference; lastKnownFileType = sourcecode.swift; path = TracksResponse.swift; sourceTree = "<group>"; };
		5B9CC9082C25EC06004E7A72 /* ErrorView.swift */ = {isa = PBXFileReference; fileEncoding = 4; lastKnownFileType = sourcecode.swift; path = ErrorView.swift; sourceTree = "<group>"; };
		5B9CC9092C25EC06004E7A72 /* LoadingView.swift */ = {isa = PBXFileReference; fileEncoding = 4; lastKnownFileType = sourcecode.swift; path = LoadingView.swift; sourceTree = "<group>"; };
		5B9CC90A2C25EC06004E7A72 /* TrackView.swift */ = {isa = PBXFileReference; fileEncoding = 4; lastKnownFileType = sourcecode.swift; path = TrackView.swift; sourceTree = "<group>"; };
		5B9CC90F2C25ED6B004E7A72 /* MusicApiClient.swift */ = {isa = PBXFileReference; fileEncoding = 4; lastKnownFileType = sourcecode.swift; path = MusicApiClient.swift; sourceTree = "<group>"; };
		5B9CC9162C25EE4C004E7A72 /* CurrencyAmount.swift */ = {isa = PBXFileReference; fileEncoding = 4; lastKnownFileType = sourcecode.swift; path = CurrencyAmount.swift; sourceTree = "<group>"; };
		5B9CC9192C25F91F004E7A72 /* Track+Extensions.swift */ = {isa = PBXFileReference; fileEncoding = 4; lastKnownFileType = sourcecode.swift; path = "Track+Extensions.swift"; sourceTree = "<group>"; };
		5B9CC91C2C25F932004E7A72 /* RockTracksViewModelTests.swift */ = {isa = PBXFileReference; fileEncoding = 4; lastKnownFileType = sourcecode.swift; path = RockTracksViewModelTests.swift; sourceTree = "<group>"; };
		5B9CC9212C25F996004E7A72 /* MockMusicClient.swift */ = {isa = PBXFileReference; fileEncoding = 4; lastKnownFileType = sourcecode.swift; path = MockMusicClient.swift; sourceTree = "<group>"; };
		5B9CC9242C2606EA004E7A72 /* NavigationLink+Extensions.swift */ = {isa = PBXFileReference; fileEncoding = 4; lastKnownFileType = sourcecode.swift; path = "NavigationLink+Extensions.swift"; sourceTree = "<group>"; };
		5B9CC9262C26071A004E7A72 /* RockTrackDetailsView.swift */ = {isa = PBXFileReference; lastKnownFileType = sourcecode.swift; path = RockTrackDetailsView.swift; sourceTree = "<group>"; };
		5B9CC9282C260751004E7A72 /* RockTrackDetailsViewModel.swift */ = {isa = PBXFileReference; lastKnownFileType = sourcecode.swift; path = RockTrackDetailsViewModel.swift; sourceTree = "<group>"; };
/* End PBXFileReference section */

/* Begin PBXFrameworksBuildPhase section */
		5B9CC8C22C25E222004E7A72 /* Frameworks */ = {
			isa = PBXFrameworksBuildPhase;
			buildActionMask = 2147483647;
			files = (
			);
			runOnlyForDeploymentPostprocessing = 0;
		};
		5B9CC8D22C25E224004E7A72 /* Frameworks */ = {
			isa = PBXFrameworksBuildPhase;
			buildActionMask = 2147483647;
			files = (
			);
			runOnlyForDeploymentPostprocessing = 0;
		};
		5B9CC8DC2C25E224004E7A72 /* Frameworks */ = {
			isa = PBXFrameworksBuildPhase;
			buildActionMask = 2147483647;
			files = (
			);
			runOnlyForDeploymentPostprocessing = 0;
		};
/* End PBXFrameworksBuildPhase section */

/* Begin PBXGroup section */
		5B9CC8BC2C25E222004E7A72 = {
			isa = PBXGroup;
			children = (
				5B9CC8C72C25E222004E7A72 /* ScottishPowerTechnicalTest */,
				5B9CC8D82C25E224004E7A72 /* ScottishPowerTechnicalTestTests */,
				5B9CC8E22C25E224004E7A72 /* ScottishPowerTechnicalTestUITests */,
				5B9CC8C62C25E222004E7A72 /* Products */,
			);
			sourceTree = "<group>";
		};
		5B9CC8C62C25E222004E7A72 /* Products */ = {
			isa = PBXGroup;
			children = (
				5B9CC8C52C25E222004E7A72 /* ScottishPowerTechnicalTest.app */,
				5B9CC8D52C25E224004E7A72 /* ScottishPowerTechnicalTestTests.xctest */,
				5B9CC8DF2C25E224004E7A72 /* ScottishPowerTechnicalTestUITests.xctest */,
			);
			name = Products;
			sourceTree = "<group>";
		};
		5B9CC8C72C25E222004E7A72 /* ScottishPowerTechnicalTest */ = {
			isa = PBXGroup;
			children = (
				5B9CC8FA2C25E3B2004E7A72 /* Models */,
				5B9CC8F22C25E2AC004E7A72 /* Features */,
				5B9CC8C82C25E222004E7A72 /* ScottishPowerTechnicalTestApp.swift */,
				5B9CC8CC2C25E223004E7A72 /* Assets.xcassets */,
				5B9CC8CE2C25E223004E7A72 /* Preview Content */,
			);
			path = ScottishPowerTechnicalTest;
			sourceTree = "<group>";
		};
		5B9CC8CE2C25E223004E7A72 /* Preview Content */ = {
			isa = PBXGroup;
			children = (
				5B9CC8CF2C25E223004E7A72 /* Preview Assets.xcassets */,
			);
			path = "Preview Content";
			sourceTree = "<group>";
		};
		5B9CC8D82C25E224004E7A72 /* ScottishPowerTechnicalTestTests */ = {
			isa = PBXGroup;
			children = (
				5B9CC91E2C25F934004E7A72 /* Features */,
				5B9CC91A2C25F91F004E7A72 /* MockModels */,
				5B9CC8D92C25E224004E7A72 /* ScottishPowerTechnicalTestTests.swift */,
			);
			path = ScottishPowerTechnicalTestTests;
			sourceTree = "<group>";
		};
		5B9CC8E22C25E224004E7A72 /* ScottishPowerTechnicalTestUITests */ = {
			isa = PBXGroup;
			children = (
				5B9CC8E32C25E224004E7A72 /* ScottishPowerTechnicalTestUITests.swift */,
				5B9CC8E52C25E224004E7A72 /* ScottishPowerTechnicalTestUITestsLaunchTests.swift */,
			);
			path = ScottishPowerTechnicalTestUITests;
			sourceTree = "<group>";
		};
		5B9CC8F22C25E2AC004E7A72 /* Features */ = {
			isa = PBXGroup;
			children = (
				5B9CC9182C25F51E004E7A72 /* Extensions */,
				5B9CC9152C25EE3B004E7A72 /* Models */,
				5B9CC90E2C25ED58004E7A72 /* Networking */,
				5B9CC8F32C25E2BE004E7A72 /* RockTracks */,
			);
			path = Features;
			sourceTree = "<group>";
		};
		5B9CC8F32C25E2BE004E7A72 /* RockTracks */ = {
			isa = PBXGroup;
			children = (
				5B9CC8FD2C25EA32004E7A72 /* Views */,
				5B9CC8F62C25E2F1004E7A72 /* RockTracksListViewModel.swift */,
				5B9CC8F82C25E302004E7A72 /* RockTracksListView.swift */,
				5B9CC9282C260751004E7A72 /* RockTrackDetailsViewModel.swift */,
				5B9CC9262C26071A004E7A72 /* RockTrackDetailsView.swift */,
			);
			path = RockTracks;
			sourceTree = "<group>";
		};
		5B9CC8FA2C25E3B2004E7A72 /* Models */ = {
			isa = PBXGroup;
			children = (
			);
			path = Models;
			sourceTree = "<group>";
		};
		5B9CC8FD2C25EA32004E7A72 /* Views */ = {
			isa = PBXGroup;
			children = (
				5B9CC9082C25EC06004E7A72 /* ErrorView.swift */,
				5B9CC9092C25EC06004E7A72 /* LoadingView.swift */,
				5B9CC90A2C25EC06004E7A72 /* TrackView.swift */,
			);
			path = Views;
			sourceTree = "<group>";
		};
		5B9CC90E2C25ED58004E7A72 /* Networking */ = {
			isa = PBXGroup;
			children = (
				5B9CC90F2C25ED6B004E7A72 /* MusicApiClient.swift */,
			);
			path = Networking;
			sourceTree = "<group>";
		};
		5B9CC9152C25EE3B004E7A72 /* Models */ = {
			isa = PBXGroup;
			children = (
				5B9CC8FB2C25E3C8004E7A72 /* TracksResponse.swift */,
				5B9CC9162C25EE4C004E7A72 /* CurrencyAmount.swift */,
			);
			path = Models;
			sourceTree = "<group>";
		};
		5B9CC9182C25F51E004E7A72 /* Extensions */ = {
			isa = PBXGroup;
			children = (
				5B9CC9242C2606EA004E7A72 /* NavigationLink+Extensions.swift */,
			);
			path = Extensions;
			sourceTree = "<group>";
		};
		5B9CC91A2C25F91F004E7A72 /* MockModels */ = {
			isa = PBXGroup;
			children = (
				5B9CC9212C25F996004E7A72 /* MockMusicClient.swift */,
				5B9CC9192C25F91F004E7A72 /* Track+Extensions.swift */,
			);
			path = MockModels;
			sourceTree = "<group>";
		};
		5B9CC91E2C25F934004E7A72 /* Features */ = {
			isa = PBXGroup;
			children = (
				5B9CC91C2C25F932004E7A72 /* RockTracksViewModelTests.swift */,
			);
			path = Features;
			sourceTree = "<group>";
		};
/* End PBXGroup section */

/* Begin PBXNativeTarget section */
		5B9CC8C42C25E222004E7A72 /* ScottishPowerTechnicalTest */ = {
			isa = PBXNativeTarget;
			buildConfigurationList = 5B9CC8E92C25E224004E7A72 /* Build configuration list for PBXNativeTarget "ScottishPowerTechnicalTest" */;
			buildPhases = (
				5B9CC8C12C25E222004E7A72 /* Sources */,
				5B9CC8C22C25E222004E7A72 /* Frameworks */,
				5B9CC8C32C25E222004E7A72 /* Resources */,
			);
			buildRules = (
			);
			dependencies = (
			);
			name = ScottishPowerTechnicalTest;
			productName = ScottishPowerTechnicalTest;
			productReference = 5B9CC8C52C25E222004E7A72 /* ScottishPowerTechnicalTest.app */;
			productType = "com.apple.product-type.application";
		};
		5B9CC8D42C25E224004E7A72 /* ScottishPowerTechnicalTestTests */ = {
			isa = PBXNativeTarget;
			buildConfigurationList = 5B9CC8EC2C25E224004E7A72 /* Build configuration list for PBXNativeTarget "ScottishPowerTechnicalTestTests" */;
			buildPhases = (
				5B9CC8D12C25E224004E7A72 /* Sources */,
				5B9CC8D22C25E224004E7A72 /* Frameworks */,
				5B9CC8D32C25E224004E7A72 /* Resources */,
			);
			buildRules = (
			);
			dependencies = (
				5B9CC8D72C25E224004E7A72 /* PBXTargetDependency */,
			);
			name = ScottishPowerTechnicalTestTests;
			productName = ScottishPowerTechnicalTestTests;
			productReference = 5B9CC8D52C25E224004E7A72 /* ScottishPowerTechnicalTestTests.xctest */;
			productType = "com.apple.product-type.bundle.unit-test";
		};
		5B9CC8DE2C25E224004E7A72 /* ScottishPowerTechnicalTestUITests */ = {
			isa = PBXNativeTarget;
			buildConfigurationList = 5B9CC8EF2C25E224004E7A72 /* Build configuration list for PBXNativeTarget "ScottishPowerTechnicalTestUITests" */;
			buildPhases = (
				5B9CC8DB2C25E224004E7A72 /* Sources */,
				5B9CC8DC2C25E224004E7A72 /* Frameworks */,
				5B9CC8DD2C25E224004E7A72 /* Resources */,
			);
			buildRules = (
			);
			dependencies = (
				5B9CC8E12C25E224004E7A72 /* PBXTargetDependency */,
			);
			name = ScottishPowerTechnicalTestUITests;
			productName = ScottishPowerTechnicalTestUITests;
			productReference = 5B9CC8DF2C25E224004E7A72 /* ScottishPowerTechnicalTestUITests.xctest */;
			productType = "com.apple.product-type.bundle.ui-testing";
		};
/* End PBXNativeTarget section */

/* Begin PBXProject section */
		5B9CC8BD2C25E222004E7A72 /* Project object */ = {
			isa = PBXProject;
			attributes = {
				BuildIndependentTargetsInParallel = 1;
				LastSwiftUpdateCheck = 1540;
				LastUpgradeCheck = 1540;
				TargetAttributes = {
					5B9CC8C42C25E222004E7A72 = {
						CreatedOnToolsVersion = 15.4;
					};
					5B9CC8D42C25E224004E7A72 = {
						CreatedOnToolsVersion = 15.4;
						TestTargetID = 5B9CC8C42C25E222004E7A72;
					};
					5B9CC8DE2C25E224004E7A72 = {
						CreatedOnToolsVersion = 15.4;
						TestTargetID = 5B9CC8C42C25E222004E7A72;
					};
				};
			};
			buildConfigurationList = 5B9CC8C02C25E222004E7A72 /* Build configuration list for PBXProject "ScottishPowerTechnicalTest" */;
			compatibilityVersion = "Xcode 14.0";
			developmentRegion = en;
			hasScannedForEncodings = 0;
			knownRegions = (
				en,
				Base,
			);
			mainGroup = 5B9CC8BC2C25E222004E7A72;
			productRefGroup = 5B9CC8C62C25E222004E7A72 /* Products */;
			projectDirPath = "";
			projectRoot = "";
			targets = (
				5B9CC8C42C25E222004E7A72 /* ScottishPowerTechnicalTest */,
				5B9CC8D42C25E224004E7A72 /* ScottishPowerTechnicalTestTests */,
				5B9CC8DE2C25E224004E7A72 /* ScottishPowerTechnicalTestUITests */,
			);
		};
/* End PBXProject section */

/* Begin PBXResourcesBuildPhase section */
		5B9CC8C32C25E222004E7A72 /* Resources */ = {
			isa = PBXResourcesBuildPhase;
			buildActionMask = 2147483647;
			files = (
				5B9CC8D02C25E223004E7A72 /* Preview Assets.xcassets in Resources */,
				5B9CC8CD2C25E223004E7A72 /* Assets.xcassets in Resources */,
			);
			runOnlyForDeploymentPostprocessing = 0;
		};
		5B9CC8D32C25E224004E7A72 /* Resources */ = {
			isa = PBXResourcesBuildPhase;
			buildActionMask = 2147483647;
			files = (
			);
			runOnlyForDeploymentPostprocessing = 0;
		};
		5B9CC8DD2C25E224004E7A72 /* Resources */ = {
			isa = PBXResourcesBuildPhase;
			buildActionMask = 2147483647;
			files = (
			);
			runOnlyForDeploymentPostprocessing = 0;
		};
/* End PBXResourcesBuildPhase section */

/* Begin PBXSourcesBuildPhase section */
		5B9CC8C12C25E222004E7A72 /* Sources */ = {
			isa = PBXSourcesBuildPhase;
			buildActionMask = 2147483647;
			files = (
				5B9CC9292C260751004E7A72 /* RockTrackDetailsViewModel.swift in Sources */,
				5B9CC90B2C25EC06004E7A72 /* ErrorView.swift in Sources */,
				5B9CC9252C2606EA004E7A72 /* NavigationLink+Extensions.swift in Sources */,
				5B9CC9172C25EE4C004E7A72 /* CurrencyAmount.swift in Sources */,
				5B9CC9102C25ED6B004E7A72 /* MusicApiClient.swift in Sources */,
				5B9CC8F92C25E302004E7A72 /* RockTracksListView.swift in Sources */,
				5B9CC90D2C25EC06004E7A72 /* TrackView.swift in Sources */,
				5B9CC8C92C25E222004E7A72 /* ScottishPowerTechnicalTestApp.swift in Sources */,
				5B9CC9272C26071A004E7A72 /* RockTrackDetailsView.swift in Sources */,
				5B9CC8F72C25E2F1004E7A72 /* RockTracksListViewModel.swift in Sources */,
				5B9CC8FC2C25E3C8004E7A72 /* TracksResponse.swift in Sources */,
				5B9CC90C2C25EC06004E7A72 /* LoadingView.swift in Sources */,
			);
			runOnlyForDeploymentPostprocessing = 0;
		};
		5B9CC8D12C25E224004E7A72 /* Sources */ = {
			isa = PBXSourcesBuildPhase;
			buildActionMask = 2147483647;
			files = (
				5B9CC8DA2C25E224004E7A72 /* ScottishPowerTechnicalTestTests.swift in Sources */,
				5B9CC91D2C25F932004E7A72 /* RockTracksViewModelTests.swift in Sources */,
				5B9CC9222C25F996004E7A72 /* MockMusicClient.swift in Sources */,
				5B9CC91B2C25F91F004E7A72 /* Track+Extensions.swift in Sources */,
			);
			runOnlyForDeploymentPostprocessing = 0;
		};
		5B9CC8DB2C25E224004E7A72 /* Sources */ = {
			isa = PBXSourcesBuildPhase;
			buildActionMask = 2147483647;
			files = (
				5B9CC8E42C25E224004E7A72 /* ScottishPowerTechnicalTestUITests.swift in Sources */,
				5B9CC8E62C25E224004E7A72 /* ScottishPowerTechnicalTestUITestsLaunchTests.swift in Sources */,
			);
			runOnlyForDeploymentPostprocessing = 0;
		};
/* End PBXSourcesBuildPhase section */

/* Begin PBXTargetDependency section */
		5B9CC8D72C25E224004E7A72 /* PBXTargetDependency */ = {
			isa = PBXTargetDependency;
			target = 5B9CC8C42C25E222004E7A72 /* ScottishPowerTechnicalTest */;
			targetProxy = 5B9CC8D62C25E224004E7A72 /* PBXContainerItemProxy */;
		};
		5B9CC8E12C25E224004E7A72 /* PBXTargetDependency */ = {
			isa = PBXTargetDependency;
			target = 5B9CC8C42C25E222004E7A72 /* ScottishPowerTechnicalTest */;
			targetProxy = 5B9CC8E02C25E224004E7A72 /* PBXContainerItemProxy */;
		};
/* End PBXTargetDependency section */

/* Begin XCBuildConfiguration section */
		5B9CC8E72C25E224004E7A72 /* Debug */ = {
			isa = XCBuildConfiguration;
			buildSettings = {
				ALWAYS_SEARCH_USER_PATHS = NO;
				ASSETCATALOG_COMPILER_GENERATE_SWIFT_ASSET_SYMBOL_EXTENSIONS = YES;
				CLANG_ANALYZER_NONNULL = YES;
				CLANG_ANALYZER_NUMBER_OBJECT_CONVERSION = YES_AGGRESSIVE;
				CLANG_CXX_LANGUAGE_STANDARD = "gnu++20";
				CLANG_ENABLE_MODULES = YES;
				CLANG_ENABLE_OBJC_ARC = YES;
				CLANG_ENABLE_OBJC_WEAK = YES;
				CLANG_WARN_BLOCK_CAPTURE_AUTORELEASING = YES;
				CLANG_WARN_BOOL_CONVERSION = YES;
				CLANG_WARN_COMMA = YES;
				CLANG_WARN_CONSTANT_CONVERSION = YES;
				CLANG_WARN_DEPRECATED_OBJC_IMPLEMENTATIONS = YES;
				CLANG_WARN_DIRECT_OBJC_ISA_USAGE = YES_ERROR;
				CLANG_WARN_DOCUMENTATION_COMMENTS = YES;
				CLANG_WARN_EMPTY_BODY = YES;
				CLANG_WARN_ENUM_CONVERSION = YES;
				CLANG_WARN_INFINITE_RECURSION = YES;
				CLANG_WARN_INT_CONVERSION = YES;
				CLANG_WARN_NON_LITERAL_NULL_CONVERSION = YES;
				CLANG_WARN_OBJC_IMPLICIT_RETAIN_SELF = YES;
				CLANG_WARN_OBJC_LITERAL_CONVERSION = YES;
				CLANG_WARN_OBJC_ROOT_CLASS = YES_ERROR;
				CLANG_WARN_QUOTED_INCLUDE_IN_FRAMEWORK_HEADER = YES;
				CLANG_WARN_RANGE_LOOP_ANALYSIS = YES;
				CLANG_WARN_STRICT_PROTOTYPES = YES;
				CLANG_WARN_SUSPICIOUS_MOVE = YES;
				CLANG_WARN_UNGUARDED_AVAILABILITY = YES_AGGRESSIVE;
				CLANG_WARN_UNREACHABLE_CODE = YES;
				CLANG_WARN__DUPLICATE_METHOD_MATCH = YES;
				COPY_PHASE_STRIP = NO;
				DEBUG_INFORMATION_FORMAT = dwarf;
				ENABLE_STRICT_OBJC_MSGSEND = YES;
				ENABLE_TESTABILITY = YES;
				ENABLE_USER_SCRIPT_SANDBOXING = YES;
				GCC_C_LANGUAGE_STANDARD = gnu17;
				GCC_DYNAMIC_NO_PIC = NO;
				GCC_NO_COMMON_BLOCKS = YES;
				GCC_OPTIMIZATION_LEVEL = 0;
				GCC_PREPROCESSOR_DEFINITIONS = (
					"DEBUG=1",
					"$(inherited)",
				);
				GCC_WARN_64_TO_32_BIT_CONVERSION = YES;
				GCC_WARN_ABOUT_RETURN_TYPE = YES_ERROR;
				GCC_WARN_UNDECLARED_SELECTOR = YES;
				GCC_WARN_UNINITIALIZED_AUTOS = YES_AGGRESSIVE;
				GCC_WARN_UNUSED_FUNCTION = YES;
				GCC_WARN_UNUSED_VARIABLE = YES;
				IPHONEOS_DEPLOYMENT_TARGET = 17.5;
				LOCALIZATION_PREFERS_STRING_CATALOGS = YES;
				MTL_ENABLE_DEBUG_INFO = INCLUDE_SOURCE;
				MTL_FAST_MATH = YES;
				ONLY_ACTIVE_ARCH = YES;
				SDKROOT = iphoneos;
				SWIFT_ACTIVE_COMPILATION_CONDITIONS = "DEBUG $(inherited)";
				SWIFT_OPTIMIZATION_LEVEL = "-Onone";
			};
			name = Debug;
		};
		5B9CC8E82C25E224004E7A72 /* Release */ = {
			isa = XCBuildConfiguration;
			buildSettings = {
				ALWAYS_SEARCH_USER_PATHS = NO;
				ASSETCATALOG_COMPILER_GENERATE_SWIFT_ASSET_SYMBOL_EXTENSIONS = YES;
				CLANG_ANALYZER_NONNULL = YES;
				CLANG_ANALYZER_NUMBER_OBJECT_CONVERSION = YES_AGGRESSIVE;
				CLANG_CXX_LANGUAGE_STANDARD = "gnu++20";
				CLANG_ENABLE_MODULES = YES;
				CLANG_ENABLE_OBJC_ARC = YES;
				CLANG_ENABLE_OBJC_WEAK = YES;
				CLANG_WARN_BLOCK_CAPTURE_AUTORELEASING = YES;
				CLANG_WARN_BOOL_CONVERSION = YES;
				CLANG_WARN_COMMA = YES;
				CLANG_WARN_CONSTANT_CONVERSION = YES;
				CLANG_WARN_DEPRECATED_OBJC_IMPLEMENTATIONS = YES;
				CLANG_WARN_DIRECT_OBJC_ISA_USAGE = YES_ERROR;
				CLANG_WARN_DOCUMENTATION_COMMENTS = YES;
				CLANG_WARN_EMPTY_BODY = YES;
				CLANG_WARN_ENUM_CONVERSION = YES;
				CLANG_WARN_INFINITE_RECURSION = YES;
				CLANG_WARN_INT_CONVERSION = YES;
				CLANG_WARN_NON_LITERAL_NULL_CONVERSION = YES;
				CLANG_WARN_OBJC_IMPLICIT_RETAIN_SELF = YES;
				CLANG_WARN_OBJC_LITERAL_CONVERSION = YES;
				CLANG_WARN_OBJC_ROOT_CLASS = YES_ERROR;
				CLANG_WARN_QUOTED_INCLUDE_IN_FRAMEWORK_HEADER = YES;
				CLANG_WARN_RANGE_LOOP_ANALYSIS = YES;
				CLANG_WARN_STRICT_PROTOTYPES = YES;
				CLANG_WARN_SUSPICIOUS_MOVE = YES;
				CLANG_WARN_UNGUARDED_AVAILABILITY = YES_AGGRESSIVE;
				CLANG_WARN_UNREACHABLE_CODE = YES;
				CLANG_WARN__DUPLICATE_METHOD_MATCH = YES;
				COPY_PHASE_STRIP = NO;
				DEBUG_INFORMATION_FORMAT = "dwarf-with-dsym";
				ENABLE_NS_ASSERTIONS = NO;
				ENABLE_STRICT_OBJC_MSGSEND = YES;
				ENABLE_USER_SCRIPT_SANDBOXING = YES;
				GCC_C_LANGUAGE_STANDARD = gnu17;
				GCC_NO_COMMON_BLOCKS = YES;
				GCC_WARN_64_TO_32_BIT_CONVERSION = YES;
				GCC_WARN_ABOUT_RETURN_TYPE = YES_ERROR;
				GCC_WARN_UNDECLARED_SELECTOR = YES;
				GCC_WARN_UNINITIALIZED_AUTOS = YES_AGGRESSIVE;
				GCC_WARN_UNUSED_FUNCTION = YES;
				GCC_WARN_UNUSED_VARIABLE = YES;
				IPHONEOS_DEPLOYMENT_TARGET = 17.5;
				LOCALIZATION_PREFERS_STRING_CATALOGS = YES;
				MTL_ENABLE_DEBUG_INFO = NO;
				MTL_FAST_MATH = YES;
				SDKROOT = iphoneos;
				SWIFT_COMPILATION_MODE = wholemodule;
				VALIDATE_PRODUCT = YES;
			};
			name = Release;
		};
		5B9CC8EA2C25E224004E7A72 /* Debug */ = {
			isa = XCBuildConfiguration;
			buildSettings = {
				ASSETCATALOG_COMPILER_APPICON_NAME = AppIcon;
				ASSETCATALOG_COMPILER_GLOBAL_ACCENT_COLOR_NAME = AccentColor;
				CODE_SIGN_STYLE = Automatic;
				CURRENT_PROJECT_VERSION = 1;
				DEVELOPMENT_ASSET_PATHS = "\"ScottishPowerTechnicalTest/Preview Content\"";
				DEVELOPMENT_TEAM = CN49269MWB;
				ENABLE_PREVIEWS = YES;
				GENERATE_INFOPLIST_FILE = YES;
				INFOPLIST_KEY_UIApplicationSceneManifest_Generation = YES;
				INFOPLIST_KEY_UIApplicationSupportsIndirectInputEvents = YES;
				INFOPLIST_KEY_UILaunchScreen_Generation = YES;
				INFOPLIST_KEY_UISupportedInterfaceOrientations_iPad = "UIInterfaceOrientationPortrait UIInterfaceOrientationPortraitUpsideDown UIInterfaceOrientationLandscapeLeft UIInterfaceOrientationLandscapeRight";
				INFOPLIST_KEY_UISupportedInterfaceOrientations_iPhone = "UIInterfaceOrientationPortrait UIInterfaceOrientationLandscapeLeft UIInterfaceOrientationLandscapeRight";
				IPHONEOS_DEPLOYMENT_TARGET = 15.0;
				LD_RUNPATH_SEARCH_PATHS = (
					"$(inherited)",
					"@executable_path/Frameworks",
				);
				MARKETING_VERSION = 1.0;
				PRODUCT_BUNDLE_IDENTIFIER = TestProject.ScottishPowerTechnicalTest;
				PRODUCT_NAME = "$(TARGET_NAME)";
				SWIFT_EMIT_LOC_STRINGS = YES;
				SWIFT_VERSION = 5.0;
				TARGETED_DEVICE_FAMILY = "1,2";
			};
			name = Debug;
		};
		5B9CC8EB2C25E224004E7A72 /* Release */ = {
			isa = XCBuildConfiguration;
			buildSettings = {
				ASSETCATALOG_COMPILER_APPICON_NAME = AppIcon;
				ASSETCATALOG_COMPILER_GLOBAL_ACCENT_COLOR_NAME = AccentColor;
				CODE_SIGN_STYLE = Automatic;
				CURRENT_PROJECT_VERSION = 1;
				DEVELOPMENT_ASSET_PATHS = "\"ScottishPowerTechnicalTest/Preview Content\"";
				DEVELOPMENT_TEAM = CN49269MWB;
				ENABLE_PREVIEWS = YES;
				GENERATE_INFOPLIST_FILE = YES;
				INFOPLIST_KEY_UIApplicationSceneManifest_Generation = YES;
				INFOPLIST_KEY_UIApplicationSupportsIndirectInputEvents = YES;
				INFOPLIST_KEY_UILaunchScreen_Generation = YES;
				INFOPLIST_KEY_UISupportedInterfaceOrientations_iPad = "UIInterfaceOrientationPortrait UIInterfaceOrientationPortraitUpsideDown UIInterfaceOrientationLandscapeLeft UIInterfaceOrientationLandscapeRight";
				INFOPLIST_KEY_UISupportedInterfaceOrientations_iPhone = "UIInterfaceOrientationPortrait UIInterfaceOrientationLandscapeLeft UIInterfaceOrientationLandscapeRight";
				IPHONEOS_DEPLOYMENT_TARGET = 15.0;
				LD_RUNPATH_SEARCH_PATHS = (
					"$(inherited)",
					"@executable_path/Frameworks",
				);
				MARKETING_VERSION = 1.0;
				PRODUCT_BUNDLE_IDENTIFIER = TestProject.ScottishPowerTechnicalTest;
				PRODUCT_NAME = "$(TARGET_NAME)";
				SWIFT_EMIT_LOC_STRINGS = YES;
				SWIFT_VERSION = 5.0;
				TARGETED_DEVICE_FAMILY = "1,2";
			};
			name = Release;
		};
		5B9CC8ED2C25E224004E7A72 /* Debug */ = {
			isa = XCBuildConfiguration;
			buildSettings = {
				ALWAYS_EMBED_SWIFT_STANDARD_LIBRARIES = YES;
				BUNDLE_LOADER = "$(TEST_HOST)";
				CODE_SIGN_STYLE = Automatic;
				CURRENT_PROJECT_VERSION = 1;
				DEVELOPMENT_TEAM = CN49269MWB;
				GENERATE_INFOPLIST_FILE = YES;
				IPHONEOS_DEPLOYMENT_TARGET = 17.5;
				MARKETING_VERSION = 1.0;
				PRODUCT_BUNDLE_IDENTIFIER = TestProject.ScottishPowerTechnicalTestTests;
				PRODUCT_NAME = "$(TARGET_NAME)";
				SWIFT_EMIT_LOC_STRINGS = NO;
				SWIFT_VERSION = 5.0;
				TARGETED_DEVICE_FAMILY = "1,2";
				TEST_HOST = "$(BUILT_PRODUCTS_DIR)/ScottishPowerTechnicalTest.app/$(BUNDLE_EXECUTABLE_FOLDER_PATH)/ScottishPowerTechnicalTest";
			};
			name = Debug;
		};
		5B9CC8EE2C25E224004E7A72 /* Release */ = {
			isa = XCBuildConfiguration;
			buildSettings = {
				ALWAYS_EMBED_SWIFT_STANDARD_LIBRARIES = YES;
				BUNDLE_LOADER = "$(TEST_HOST)";
				CODE_SIGN_STYLE = Automatic;
				CURRENT_PROJECT_VERSION = 1;
				DEVELOPMENT_TEAM = CN49269MWB;
				GENERATE_INFOPLIST_FILE = YES;
				IPHONEOS_DEPLOYMENT_TARGET = 17.5;
				MARKETING_VERSION = 1.0;
				PRODUCT_BUNDLE_IDENTIFIER = TestProject.ScottishPowerTechnicalTestTests;
				PRODUCT_NAME = "$(TARGET_NAME)";
				SWIFT_EMIT_LOC_STRINGS = NO;
				SWIFT_VERSION = 5.0;
				TARGETED_DEVICE_FAMILY = "1,2";
				TEST_HOST = "$(BUILT_PRODUCTS_DIR)/ScottishPowerTechnicalTest.app/$(BUNDLE_EXECUTABLE_FOLDER_PATH)/ScottishPowerTechnicalTest";
			};
			name = Release;
		};
		5B9CC8F02C25E224004E7A72 /* Debug */ = {
			isa = XCBuildConfiguration;
			buildSettings = {
				ALWAYS_EMBED_SWIFT_STANDARD_LIBRARIES = YES;
				CODE_SIGN_STYLE = Automatic;
				CURRENT_PROJECT_VERSION = 1;
				DEVELOPMENT_TEAM = CN49269MWB;
				GENERATE_INFOPLIST_FILE = YES;
				MARKETING_VERSION = 1.0;
				PRODUCT_BUNDLE_IDENTIFIER = TestProject.ScottishPowerTechnicalTestUITests;
				PRODUCT_NAME = "$(TARGET_NAME)";
				SWIFT_EMIT_LOC_STRINGS = NO;
				SWIFT_VERSION = 5.0;
				TARGETED_DEVICE_FAMILY = "1,2";
				TEST_TARGET_NAME = ScottishPowerTechnicalTest;
			};
			name = Debug;
		};
		5B9CC8F12C25E224004E7A72 /* Release */ = {
			isa = XCBuildConfiguration;
			buildSettings = {
				ALWAYS_EMBED_SWIFT_STANDARD_LIBRARIES = YES;
				CODE_SIGN_STYLE = Automatic;
				CURRENT_PROJECT_VERSION = 1;
				DEVELOPMENT_TEAM = CN49269MWB;
				GENERATE_INFOPLIST_FILE = YES;
				MARKETING_VERSION = 1.0;
				PRODUCT_BUNDLE_IDENTIFIER = TestProject.ScottishPowerTechnicalTestUITests;
				PRODUCT_NAME = "$(TARGET_NAME)";
				SWIFT_EMIT_LOC_STRINGS = NO;
				SWIFT_VERSION = 5.0;
				TARGETED_DEVICE_FAMILY = "1,2";
				TEST_TARGET_NAME = ScottishPowerTechnicalTest;
			};
			name = Release;
		};
/* End XCBuildConfiguration section */

/* Begin XCConfigurationList section */
		5B9CC8C02C25E222004E7A72 /* Build configuration list for PBXProject "ScottishPowerTechnicalTest" */ = {
			isa = XCConfigurationList;
			buildConfigurations = (
				5B9CC8E72C25E224004E7A72 /* Debug */,
				5B9CC8E82C25E224004E7A72 /* Release */,
			);
			defaultConfigurationIsVisible = 0;
			defaultConfigurationName = Release;
		};
		5B9CC8E92C25E224004E7A72 /* Build configuration list for PBXNativeTarget "ScottishPowerTechnicalTest" */ = {
			isa = XCConfigurationList;
			buildConfigurations = (
				5B9CC8EA2C25E224004E7A72 /* Debug */,
				5B9CC8EB2C25E224004E7A72 /* Release */,
			);
			defaultConfigurationIsVisible = 0;
			defaultConfigurationName = Release;
		};
		5B9CC8EC2C25E224004E7A72 /* Build configuration list for PBXNativeTarget "ScottishPowerTechnicalTestTests" */ = {
			isa = XCConfigurationList;
			buildConfigurations = (
				5B9CC8ED2C25E224004E7A72 /* Debug */,
				5B9CC8EE2C25E224004E7A72 /* Release */,
			);
			defaultConfigurationIsVisible = 0;
			defaultConfigurationName = Release;
		};
		5B9CC8EF2C25E224004E7A72 /* Build configuration list for PBXNativeTarget "ScottishPowerTechnicalTestUITests" */ = {
			isa = XCConfigurationList;
			buildConfigurations = (
				5B9CC8F02C25E224004E7A72 /* Debug */,
				5B9CC8F12C25E224004E7A72 /* Release */,
			);
			defaultConfigurationIsVisible = 0;
			defaultConfigurationName = Release;
		};
/* End XCConfigurationList section */
	};
	rootObject = 5B9CC8BD2C25E222004E7A72 /* Project object */;
}
